
Microsoft Visual Studio Solution File, Format Version 12.00
# Visual Studio Version 17
VisualStudioVersion = 17.9.34622.214
MinimumVisualStudioVersion = 10.0.40219.1
Project("{FAE04EC0-301F-11D3-BF4B-00C04F79EFBC}") = "Mission5_Hull", "Mission5_Hull.csproj", "{0454C41C-8D3B-4B56-A2E0-6DAB6EA1746D}"
EndProject
Global
	GlobalSection(SolutionConfigurationPlatforms) = preSolution
		Debug|Any CPU = Debug|Any CPU
		Release|Any CPU = Release|Any CPU
	EndGlobalSection
	GlobalSection(ProjectConfigurationPlatforms) = postSolution
		{0454C41C-8D3B-4B56-A2E0-6DAB6EA1746D}.Debug|Any CPU.ActiveCfg = Debug|Any CPU
		{0454C41C-8D3B-4B56-A2E0-6DAB6EA1746D}.Debug|Any CPU.Build.0 = Debug|Any CPU
		{0454C41C-8D3B-4B56-A2E0-6DAB6EA1746D}.Release|Any CPU.ActiveCfg = Release|Any CPU
		{0454C41C-8D3B-4B56-A2E0-6DAB6EA1746D}.Release|Any CPU.Build.0 = Release|Any CPU
	EndGlobalSection
	GlobalSection(SolutionProperties) = preSolution
		HideSolutionNode = FALSE
	EndGlobalSection
	GlobalSection(ExtensibilityGlobals) = postSolution
		SolutionGuid = {4EF675B6-B9A0-418F-B66B-42413FAF0F2A}
	EndGlobalSection
EndGlobal
